
Microsoft Visual Studio Solution File, Format Version 12.00
# Visual Studio 15
Project("{FAE04EC0-301F-11D3-BF4B-00C04F79EFBC}") = "V2_ASSET", "V2_ASSET.csproj", "{3826C91E-6171-F53C-3B6A-46BDE7D29462}"
EndProject
Global
	GlobalSection(SolutionConfigurationPlatforms) = preSolution
		Debug|Any CPU = Debug|Any CPU
		Release|Any CPU = Release|Any CPU
	EndGlobalSection
	GlobalSection(ProjectConfigurationPlatforms) = postSolution
		{3826C91E-6171-F53C-3B6A-46BDE7D29462}.Debug|Any CPU.ActiveCfg = Debug|Any CPU
		{3826C91E-6171-F53C-3B6A-46BDE7D29462}.Debug|Any CPU.Build.0 = Debug|Any CPU
		{3826C91E-6171-F53C-3B6A-46BDE7D29462}.Release|Any CPU.ActiveCfg = Release|Any CPU
		{3826C91E-6171-F53C-3B6A-46BDE7D29462}.Release|Any CPU.Build.0 = Release|Any CPU
	EndGlobalSection
	GlobalSection(SolutionProperties) = preSolution
		HideSolutionNode = FALSE
	EndGlobalSection
EndGlobal
